
Microsoft Visual Studio Solution File, Format Version 12.00
# Visual Studio Version 16
VisualStudioVersion = 16.0.31112.23
MinimumVisualStudioVersion = 10.0.40219.1
Project("{8BC9CEB8-8B4A-11D0-8D11-00A0C91BC942}") = "TP3", "TP1Ferme\TP1Ferme.vcxproj", "{2E120BBF-05A6-4338-B208-B58D43ACF968}"
EndProject
Project("{2150E333-8FDC-42A3-9474-1A3956D46DE8}") = "Dossier", "Dossier", "{EE70BB2E-F392-4C4E-B5F4-995C789A2ACE}"
	ProjectSection(SolutionItems) = preProject
		Docs\Diagramme0.png = Docs\Diagramme0.png
		Docs\Diagramme1.png = Docs\Diagramme1.png
		Docs\Diagramme2.png = Docs\Diagramme2.png
		Docs\Diagramme3.jpg = Docs\Diagramme3.jpg
		Docs\Diagramme4.png = Docs\Diagramme4.png
		Docs\Diagramme5.png = Docs\Diagramme5.png
		Docs\Diagramme_Nicholas.png = Docs\Diagramme_Nicholas.png
		Docs\TP3 enonce.pdf = Docs\TP3 enonce.pdf
	EndProjectSection
EndProject
Project("{2150E333-8FDC-42A3-9474-1A3956D46DE8}") = "Images", "Images", "{2E4DA62D-EA64-48CF-A63F-9A8EB1035067}"
	ProjectSection(SolutionItems) = preProject
		Images\acceleration.bmp = Images\acceleration.bmp
		Images\bg.bmp = Images\bg.bmp
		Images\bonus-vie.bmp = Images\bonus-vie.bmp
		Images\coeur.bmp = Images\coeur.bmp
		Images\filet.bmp = Images\filet.bmp
		Images\game-over.bmp = Images\game-over.bmp
		Images\papillon.bmp = Images\papillon.bmp
		Images\ruche.bmp = Images\ruche.bmp
		Images\toile.bmp = Images\toile.bmp
	EndProjectSection
EndProject
Project("{2150E333-8FDC-42A3-9474-1A3956D46DE8}") = "Docs_Important", "Docs_Important", "{F739E3F0-D90E-4189-B9ED-92887C49577F}"
	ProjectSection(SolutionItems) = preProject
		Docs\Diagramme_Nicholas.png = Docs\Diagramme_Nicholas.png
		Taches.txt = Taches.txt
		Docs\TP3 enonce.pdf = Docs\TP3 enonce.pdf
	EndProjectSection
EndProject
Global
	GlobalSection(SolutionConfigurationPlatforms) = preSolution
		Debug|x64 = Debug|x64
		Release|x64 = Release|x64
	EndGlobalSection
	GlobalSection(ProjectConfigurationPlatforms) = postSolution
		{2E120BBF-05A6-4338-B208-B58D43ACF968}.Debug|x64.ActiveCfg = Debug|x64
		{2E120BBF-05A6-4338-B208-B58D43ACF968}.Debug|x64.Build.0 = Debug|x64
		{2E120BBF-05A6-4338-B208-B58D43ACF968}.Release|x64.ActiveCfg = Release|x64
		{2E120BBF-05A6-4338-B208-B58D43ACF968}.Release|x64.Build.0 = Release|x64
	EndGlobalSection
	GlobalSection(SolutionProperties) = preSolution
		HideSolutionNode = FALSE
	EndGlobalSection
	GlobalSection(ExtensibilityGlobals) = postSolution
		SolutionGuid = {EE342865-E8B0-466F-A04F-40D255203E16}
	EndGlobalSection
EndGlobal
